<?xml version="1.0" encoding="utf-8"?>
<Project ToolsVersion="4.0" xmlns="http://schemas.microsoft.com/developer/msbuild/2003">
  <ItemGroup>
    <Filter Include="Source Files">
      <UniqueIdentifier>{4FC737F1-C7A5-4376-A066-2A32D752A2FF}</UniqueIdentifier>
      <Extensions>cpp;c;cc;cxx;def;odl;idl;hpj;bat;asm;asmx</Extensions>
    </Filter>
    <Filter Include="Header Files">
      <UniqueIdentifier>{93995380-89BD-4b04-88EB-625FBE52EBFB}</UniqueIdentifier>
      <Extensions>h;hh;hpp;hxx;hm;inl;inc;xsd</Extensions>
    </Filter>
    <Filter Include="Resource Files">
      <UniqueIdentifier>{67DA6AB6-F800-4c08-8B7A-83BB121AAD01}</UniqueIdentifier>
      <Extensions>rc;ico;cur;bmp;dlg;rc2;rct;bin;rgs;gif;jpg;jpeg;jpe;resx;tiff;tif;png;wav;mfcribbon-ms</Extensions>
    </Filter>
  </ItemGroup>
  <ItemGroup>
    <Text Include="ReadMe.txt" />
  </ItemGroup>
  <ItemGroup>
    <ClInclude Include="stdafx.h">
      <Filter>Header Files</Filter>
    </ClInclude>
    <ClInclude Include="targetver.h">
      <Filter>Header Files</Filter>
    </ClInclude>
    <ClInclude Include="Petri_Net.h">
      <Filter>Header Files</Filter>
    </ClInclude>
    <ClInclude Include="InverseTransformer.h">
      <Filter>Header Files</Filter>
    </ClInclude>
    <ClInclude Include="Matrix.h">
      <Filter>Header Files</Filter>
    </ClInclude>
    <ClInclude Include="LbfToPrimitiveSeparator.h">
      <Filter>Header Files</Filter>
    </ClInclude>
    <ClInclude Include="PetriNetSerializer.h">
      <Filter>Header Files</Filter>
    </ClInclude>
    <ClInclude Include="SynthesisProgrammGenerator.h">
      <Filter>Header Files</Filter>
    </ClInclude>
    <ClInclude Include="SrcToLbfSeparator.h">
      <Filter>Header Files</Filter>
    </ClInclude>
    <ClInclude Include="AltStructsSynthesizer.h">
      <Filter>Header Files</Filter>
    </ClInclude>
    <ClInclude Include="EquivalenceChecker.h">
      <Filter>Header Files</Filter>
    </ClInclude>
    <ClInclude Include="PointsCreator.h">
      <Filter>Header Files</Filter>
    </ClInclude>
  </ItemGroup>
  <ItemGroup>
    <ClCompile Include="stdafx.cpp">
      <Filter>Source Files</Filter>
    </ClCompile>
    <ClCompile Include="PetriNet.cpp">
      <Filter>Source Files</Filter>
    </ClCompile>
    <ClCompile Include="Petri_Net.cpp">
      <Filter>Source Files</Filter>
    </ClCompile>
    <ClCompile Include="InverseTransformer.cpp">
      <Filter>Source Files</Filter>
    </ClCompile>
    <ClCompile Include="Matrix.cpp">
      <Filter>Source Files</Filter>
    </ClCompile>
    <ClCompile Include="LbfToPrimitiveSeparator.cpp">
      <Filter>Source Files</Filter>
    </ClCompile>
    <ClCompile Include="PetriNetSerializer.cpp">
      <Filter>Source Files</Filter>
    </ClCompile>
    <ClCompile Include="SynthesisProgrammGenerator.cpp">
      <Filter>Source Files</Filter>
    </ClCompile>
    <ClCompile Include="SrcToLbfSeparator.cpp">
      <Filter>Source Files</Filter>
    </ClCompile>
    <ClCompile Include="AltStructsSynthesizer.cpp">
      <Filter>Source Files</Filter>
    </ClCompile>
    <ClCompile Include="EquivalenceChecker.cpp">
      <Filter>Source Files</Filter>
    </ClCompile>
    <ClCompile Include="PointsCreator.cpp">
      <Filter>Source Files</Filter>
    </ClCompile>
  </ItemGroup>
</Project>